
Microsoft Visual Studio Solution File, Format Version 12.00
# Visual Studio Version 17
VisualStudioVersion = 17.7.34221.43
MinimumVisualStudioVersion = 10.0.40219.1
Project("{FAE04EC0-301F-11D3-BF4B-00C04F79EFBC}") = "InfoSecLab1", "InfoSecLab1\InfoSecLab1.csproj", "{F0AC3C18-A21A-440E-A793-6CDCC9092479}"
EndProject
Global
	GlobalSection(SolutionConfigurationPlatforms) = preSolution
		Debug|Any CPU = Debug|Any CPU
		Release|Any CPU = Release|Any CPU
	EndGlobalSection
	GlobalSection(ProjectConfigurationPlatforms) = postSolution
		{F0AC3C18-A21A-440E-A793-6CDCC9092479}.Debug|Any CPU.ActiveCfg = Debug|Any CPU
		{F0AC3C18-A21A-440E-A793-6CDCC9092479}.Debug|Any CPU.Build.0 = Debug|Any CPU
		{F0AC3C18-A21A-440E-A793-6CDCC9092479}.Release|Any CPU.ActiveCfg = Release|Any CPU
		{F0AC3C18-A21A-440E-A793-6CDCC9092479}.Release|Any CPU.Build.0 = Release|Any CPU
	EndGlobalSection
	GlobalSection(SolutionProperties) = preSolution
		HideSolutionNode = FALSE
	EndGlobalSection
	GlobalSection(ExtensibilityGlobals) = postSolution
		SolutionGuid = {95A57AD4-86E2-4121-B6B1-948B3D1062FB}
	EndGlobalSection
EndGlobal
